
Microsoft Visual Studio Solution File, Format Version 10.00
# Visual Studio 2008
Project("{FAE04EC0-301F-11D3-BF4B-00C04F79EFBC}") = "RhythmyxBrowser", "RhythmyxBrowser\RhythmyxBrowser.csproj", "{951141D7-435C-4013-B7AF-F99B6EFA8B82}"
EndProject
Project("{FAE04EC0-301F-11D3-BF4B-00C04F79EFBC}") = "Loader", "..\..\..\..\..\..\Rhythmyx\WebServices\6.0.0\sample\loader\csharp\Backup\Loader.csproj", "{1E6FA655-1AE1-4D4A-8282-32213D9F92B3}"
EndProject
Global
	GlobalSection(SolutionConfigurationPlatforms) = preSolution
		Debug|Any CPU = Debug|Any CPU
		Release|Any CPU = Release|Any CPU
	EndGlobalSection
	GlobalSection(ProjectConfigurationPlatforms) = postSolution
		{951141D7-435C-4013-B7AF-F99B6EFA8B82}.Debug|Any CPU.ActiveCfg = Debug|Any CPU
		{951141D7-435C-4013-B7AF-F99B6EFA8B82}.Debug|Any CPU.Build.0 = Debug|Any CPU
		{951141D7-435C-4013-B7AF-F99B6EFA8B82}.Release|Any CPU.ActiveCfg = Release|Any CPU
		{951141D7-435C-4013-B7AF-F99B6EFA8B82}.Release|Any CPU.Build.0 = Release|Any CPU
		{1E6FA655-1AE1-4D4A-8282-32213D9F92B3}.Debug|Any CPU.ActiveCfg = Debug|Any CPU
		{1E6FA655-1AE1-4D4A-8282-32213D9F92B3}.Debug|Any CPU.Build.0 = Debug|Any CPU
		{1E6FA655-1AE1-4D4A-8282-32213D9F92B3}.Release|Any CPU.ActiveCfg = Release|Any CPU
		{1E6FA655-1AE1-4D4A-8282-32213D9F92B3}.Release|Any CPU.Build.0 = Release|Any CPU
	EndGlobalSection
	GlobalSection(SolutionProperties) = preSolution
		HideSolutionNode = FALSE
	EndGlobalSection
EndGlobal
